<Solution>
<Project Path="Booking.API/Booking.API.csproj" />
<Project Path="Booking.Application/Booking.Application.csproj" />
<Project Path="Booking.Domain/Booking.Domain.csproj" />
<Project Path="Booking.Infrastructure/Booking.Infrastructure.csproj" />
<Project Path="Catalog.Application/Catalog.Application.csproj" />
<Project Path="Catalog.Domain/Catalog.Domain.csproj" />
<Project Path="Catalog.Infrastructure/Catalog.Infrastructure.csproj" />
<Project Path="FacilitiesCatalog.API/FacilitiesCatalog.API.csproj" />
<Project Path="Game.Infrastructure/Games.Infrastructure.csproj" />
<Project Path="Games.API/Games.API.csproj" />
<Project Path="Games.Application/Games.Application.csproj" />
<Project Path="Games.Domain/Games.Domain.csproj" />
<Project Path="Identity.API/Identity.API.csproj" />
<Project Path="Shared.Contracts/Shared.Contracts.csproj" />
</Solution>