<Solution>
  <Folder Name="/BuildingBlocks/" />
  <Folder Name="/BuildingBlocks/Shared/">
    <Project Path="BuildingBlocks/Shared/Shared.Contracts/Shared.Contracts.csproj" />
  </Folder>
  <Folder Name="/Modules/" />
  <Folder Name="/Modules/Booking/">
    <Project Path="Modules/Booking/Booking.API/Booking.API.csproj" />
    <Project Path="Modules/Booking/Booking.Application/Booking.Application.csproj" />
    <Project Path="Modules/Booking/Booking.Domain/Booking.Domain.csproj" />
    <Project Path="Modules/Booking/Booking.Infrastructure/Booking.Infrastructure.csproj" />
  </Folder>
  <Folder Name="/Modules/Catalog/">
    <Project Path="Modules/Catalog/Catalog.Application/Catalog.Application.csproj" />
    <Project Path="Modules/Catalog/Catalog.Domain/Catalog.Domain.csproj" />
    <Project Path="Modules/Catalog/Catalog.Infrastructure/Catalog.Infrastructure.csproj" />
    <Project Path="Modules/Catalog/FacilitiesCatalog.API/FacilitiesCatalog.API.csproj" />
  </Folder>
  <Folder Name="/Modules/Game/">
    <Project Path="Modules/Game/Game.Infrastructure/Game.Infrastructure.csproj" />
    <Project Path="Modules/Game/Game.API/Game.API.csproj" />
    <Project Path="Modules/Game/Game.Application/Game.Application.csproj" />
    <Project Path="Modules/Game/Game.Domain/Game.Domain.csproj" />
  </Folder>
  <Folder Name="/Modules/Identity/">
    <Project Path="Modules/Identity/Identity.API/Identity.API.csproj" />
  </Folder>
</Solution>
